
Microsoft Visual Studio Solution File, Format Version 12.00
# Visual Studio 15
VisualStudioVersion = 15.0.27130.2020
MinimumVisualStudioVersion = 10.0.40219.1
Project("{888888A0-9F3D-457C-B088-3A5042F75D52}") = "testpython2", "testpython2\testpython2.pyproj", "{3D28FB30-AF1E-49BF-A94B-B3980721BD3C}"
EndProject
Global
	GlobalSection(SolutionConfigurationPlatforms) = preSolution
		Debug|Any CPU = Debug|Any CPU
		Release|Any CPU = Release|Any CPU
	EndGlobalSection
	GlobalSection(ProjectConfigurationPlatforms) = postSolution
		{3D28FB30-AF1E-49BF-A94B-B3980721BD3C}.Debug|Any CPU.ActiveCfg = Debug|Any CPU
		{3D28FB30-AF1E-49BF-A94B-B3980721BD3C}.Release|Any CPU.ActiveCfg = Release|Any CPU
	EndGlobalSection
	GlobalSection(SolutionProperties) = preSolution
		HideSolutionNode = FALSE
	EndGlobalSection
	GlobalSection(ExtensibilityGlobals) = postSolution
		SolutionGuid = {60DFB1BC-B0A0-4905-81CB-3DAB2CAB50E9}
	EndGlobalSection
EndGlobal
